
Microsoft Visual Studio Solution File, Format Version 12.00
# Visual Studio 15
VisualStudioVersion = 15.0.28307.1022
MinimumVisualStudioVersion = 10.0.40219.1
Project("{FAE04EC0-301F-11D3-BF4B-00C04F79EFBC}") = "WindowsFormsApp1", "WindowsFormsApp1\WindowsFormsApp1.csproj", "{B2EA27E0-326B-470B-AE2C-BA55C7C3A8EB}"
EndProject
Global
	GlobalSection(SolutionConfigurationPlatforms) = preSolution
		Debug|Any CPU = Debug|Any CPU
		Release|Any CPU = Release|Any CPU
	EndGlobalSection
	GlobalSection(ProjectConfigurationPlatforms) = postSolution
		{B2EA27E0-326B-470B-AE2C-BA55C7C3A8EB}.Debug|Any CPU.ActiveCfg = Debug|Any CPU
		{B2EA27E0-326B-470B-AE2C-BA55C7C3A8EB}.Debug|Any CPU.Build.0 = Debug|Any CPU
		{B2EA27E0-326B-470B-AE2C-BA55C7C3A8EB}.Release|Any CPU.ActiveCfg = Release|Any CPU
		{B2EA27E0-326B-470B-AE2C-BA55C7C3A8EB}.Release|Any CPU.Build.0 = Release|Any CPU
	EndGlobalSection
	GlobalSection(SolutionProperties) = preSolution
		HideSolutionNode = FALSE
	EndGlobalSection
	GlobalSection(ExtensibilityGlobals) = postSolution
		SolutionGuid = {B24A05F4-2EC3-4AAE-BA7F-F1A6D238E49F}
	EndGlobalSection
EndGlobal
